
Microsoft Visual Studio Solution File, Format Version 12.00
# Visual Studio Version 17
VisualStudioVersion = 17.5.002.0
MinimumVisualStudioVersion = 10.0.40219.1
Project("{9A19103F-16F7-4668-BE54-9A1E7A4F7556}") = "ReleaseCollector", "ReleaseCollector.csproj", "{BA58AE0D-006D-4507-9C8C-7EBB896D1C8C}"
EndProject
Global
	GlobalSection(SolutionConfigurationPlatforms) = preSolution
		Debug|Any CPU = Debug|Any CPU
		Release|Any CPU = Release|Any CPU
	EndGlobalSection
	GlobalSection(ProjectConfigurationPlatforms) = postSolution
		{BA58AE0D-006D-4507-9C8C-7EBB896D1C8C}.Debug|Any CPU.ActiveCfg = Debug|Any CPU
		{BA58AE0D-006D-4507-9C8C-7EBB896D1C8C}.Debug|Any CPU.Build.0 = Debug|Any CPU
		{BA58AE0D-006D-4507-9C8C-7EBB896D1C8C}.Release|Any CPU.ActiveCfg = Release|Any CPU
		{BA58AE0D-006D-4507-9C8C-7EBB896D1C8C}.Release|Any CPU.Build.0 = Release|Any CPU
	EndGlobalSection
	GlobalSection(SolutionProperties) = preSolution
		HideSolutionNode = FALSE
	EndGlobalSection
	GlobalSection(ExtensibilityGlobals) = postSolution
		SolutionGuid = {4EA77638-8DC8-4888-92E0-C0526329612E}
	EndGlobalSection
EndGlobal
